<?xml version="1.0" encoding="utf-8"?>
<Project ToolsVersion="4.0" xmlns="http://schemas.microsoft.com/developer/msbuild/2003">
  <ItemGroup>
    <Filter Include="Source Files">
      <UniqueIdentifier>{4FC737F1-C7A5-4376-A066-2A32D752A2FF}</UniqueIdentifier>
      <Extensions>cpp;c;cc;cxx;def;odl;idl;hpj;bat;asm;asmx</Extensions>
    </Filter>
    <Filter Include="Header Files">
      <UniqueIdentifier>{93995380-89BD-4b04-88EB-625FBE52EBFB}</UniqueIdentifier>
      <Extensions>h;hh;hpp;hxx;hm;inl;inc;ipp;xsd</Extensions>
    </Filter>
    <Filter Include="Resource Files">
      <UniqueIdentifier>{67DA6AB6-F800-4c08-8B7A-83BB121AAD01}</UniqueIdentifier>
      <Extensions>rc;ico;cur;bmp;dlg;rc2;rct;bin;rgs;gif;jpg;jpeg;jpe;resx;tiff;tif;png;wav;mfcribbon-ms</Extensions>
    </Filter>
  </ItemGroup>
  <ItemGroup>
    <ClInclude Include="fs.h">
      <Filter>Header Files</Filter>
    </ClInclude>
    <ClInclude Include="file.h">
      <Filter>Header Files</Filter>
    </ClInclude>
    <ClInclude Include="KernelFS.h">
      <Filter>Header Files</Filter>
    </ClInclude>
    <ClInclude Include="KernelFile.h">
      <Filter>Header Files</Filter>
    </ClInclude>
    <ClInclude Include="particija-VS2017\part.h">
      <Filter>Header Files</Filter>
    </ClInclude>
    <ClInclude Include="javniTest\testprimer.h">
      <Filter>Header Files</Filter>
    </ClInclude>
    <ClInclude Include="MMU.h">
      <Filter>Header Files</Filter>
    </ClInclude>
    <ClInclude Include="OpenFileTable.h">
      <Filter>Header Files</Filter>
    </ClInclude>
    <ClInclude Include="Define.h">
      <Filter>Header Files</Filter>
    </ClInclude>
    <ClInclude Include="BitVector.h">
      <Filter>Header Files</Filter>
    </ClInclude>
    <ClInclude Include="Cache.h">
      <Filter>Header Files</Filter>
    </ClInclude>
    <ClInclude Include="CritSection.h">
      <Filter>Header Files</Filter>
    </ClInclude>
  </ItemGroup>
  <ItemGroup>
    <ClCompile Include="fs.cpp">
      <Filter>Source Files</Filter>
    </ClCompile>
    <ClCompile Include="file.cpp">
      <Filter>Source Files</Filter>
    </ClCompile>
    <ClCompile Include="KernelFS.cpp">
      <Filter>Source Files</Filter>
    </ClCompile>
    <ClCompile Include="KernelFile.cpp">
      <Filter>Source Files</Filter>
    </ClCompile>
    <ClCompile Include="javniTest\main.cpp">
      <Filter>Source Files</Filter>
    </ClCompile>
    <ClCompile Include="javniTest\nit1.cpp">
      <Filter>Source Files</Filter>
    </ClCompile>
    <ClCompile Include="javniTest\nit2.cpp">
      <Filter>Source Files</Filter>
    </ClCompile>
    <ClCompile Include="MMU.cpp">
      <Filter>Source Files</Filter>
    </ClCompile>
    <ClCompile Include="OpenFileTable.cpp">
      <Filter>Source Files</Filter>
    </ClCompile>
    <ClCompile Include="BitVector.cpp">
      <Filter>Source Files</Filter>
    </ClCompile>
    <ClCompile Include="Cache.cpp">
      <Filter>Source Files</Filter>
    </ClCompile>
    <ClCompile Include="CritSection.cpp">
      <Filter>Source Files</Filter>
    </ClCompile>
  </ItemGroup>
  <ItemGroup>
    <Library Include="particija-VS2017\particija.lib">
      <Filter>Resource Files</Filter>
    </Library>
  </ItemGroup>
</Project>